// !$*UTF8*$!
{
	archiveVersion = 1;
	classes = {
	};
	objectVersion = 46;
	objects = {

/* Begin PBXBuildFile section */
		892F06121F4C26D800F37FEB /* AppDelegate.swift in Sources */ = {isa = PBXBuildFile; fileRef = 892F06111F4C26D800F37FEB /* AppDelegate.swift */; };
		892F06141F4C26D800F37FEB /* ViewController.swift in Sources */ = {isa = PBXBuildFile; fileRef = 892F06131F4C26D800F37FEB /* ViewController.swift */; };
		892F06171F4C26D800F37FEB /* Main.storyboard in Resources */ = {isa = PBXBuildFile; fileRef = 892F06151F4C26D800F37FEB /* Main.storyboard */; };
		892F06191F4C26D800F37FEB /* Assets.xcassets in Resources */ = {isa = PBXBuildFile; fileRef = 892F06181F4C26D800F37FEB /* Assets.xcassets */; };
		892F061C1F4C26D800F37FEB /* LaunchScreen.storyboard in Resources */ = {isa = PBXBuildFile; fileRef = 892F061A1F4C26D800F37FEB /* LaunchScreen.storyboard */; };
		892F06261F4C26FB00F37FEB /* AKToastView.swift in Sources */ = {isa = PBXBuildFile; fileRef = 892F06241F4C26FB00F37FEB /* AKToastView.swift */; };
		892F06271F4C26FB00F37FEB /* AKToastView.xib in Resources */ = {isa = PBXBuildFile; fileRef = 892F06251F4C26FB00F37FEB /* AKToastView.xib */; };
/* End PBXBuildFile section */

/* Begin PBXFileReference section */
		892F060E1F4C26D800F37FEB /* AKToastViewExample.app */ = {isa = PBXFileReference; explicitFileType = wrapper.application; includeInIndex = 0; path = AKToastViewExample.app; sourceTree = BUILT_PRODUCTS_DIR; };
		892F06111F4C26D800F37FEB /* AppDelegate.swift */ = {isa = PBXFileReference; lastKnownFileType = sourcecode.swift; path = AppDelegate.swift; sourceTree = "<group>"; };
		892F06131F4C26D800F37FEB /* ViewController.swift */ = {isa = PBXFileReference; lastKnownFileType = sourcecode.swift; path = ViewController.swift; sourceTree = "<group>"; };
		892F06161F4C26D800F37FEB /* Base */ = {isa = PBXFileReference; lastKnownFileType = file.storyboard; name = Base; path = Base.lproj/Main.storyboard; sourceTree = "<group>"; };
		892F06181F4C26D800F37FEB /* Assets.xcassets */ = {isa = PBXFileReference; lastKnownFileType = folder.assetcatalog; path = Assets.xcassets; sourceTree = "<group>"; };
		892F061B1F4C26D800F37FEB /* Base */ = {isa = PBXFileReference; lastKnownFileType = file.storyboard; name = Base; path = Base.lproj/LaunchScreen.storyboard; sourceTree = "<group>"; };
		892F061D1F4C26D800F37FEB /* Info.plist */ = {isa = PBXFileReference; lastKnownFileType = text.plist.xml; path = Info.plist; sourceTree = "<group>"; };
		892F06241F4C26FB00F37FEB /* AKToastView.swift */ = {isa = PBXFileReference; fileEncoding = 4; lastKnownFileType = sourcecode.swift; path = AKToastView.swift; sourceTree = "<group>"; };
		892F06251F4C26FB00F37FEB /* AKToastView.xib */ = {isa = PBXFileReference; fileEncoding = 4; lastKnownFileType = file.xib; path = AKToastView.xib; sourceTree = "<group>"; };
/* End PBXFileReference section */

/* Begin PBXFrameworksBuildPhase section */
		892F060B1F4C26D800F37FEB /* Frameworks */ = {
			isa = PBXFrameworksBuildPhase;
			buildActionMask = 2147483647;
			files = (
			);
			runOnlyForDeploymentPostprocessing = 0;
		};
/* End PBXFrameworksBuildPhase section */

/* Begin PBXGroup section */
		892F06051F4C26D800F37FEB = {
			isa = PBXGroup;
			children = (
				892F06101F4C26D800F37FEB /* AKToastViewExample */,
				892F060F1F4C26D800F37FEB /* Products */,
			);
			sourceTree = "<group>";
		};
		892F060F1F4C26D800F37FEB /* Products */ = {
			isa = PBXGroup;
			children = (
				892F060E1F4C26D800F37FEB /* AKToastViewExample.app */,
			);
			name = Products;
			sourceTree = "<group>";
		};
		892F06101F4C26D800F37FEB /* AKToastViewExample */ = {
			isa = PBXGroup;
			children = (
				892F06231F4C26FB00F37FEB /* AKToastView */,
				892F06111F4C26D800F37FEB /* AppDelegate.swift */,
				892F06131F4C26D800F37FEB /* ViewController.swift */,
				892F06151F4C26D800F37FEB /* Main.storyboard */,
				892F06181F4C26D800F37FEB /* Assets.xcassets */,
				892F061A1F4C26D800F37FEB /* LaunchScreen.storyboard */,
				892F061D1F4C26D800F37FEB /* Info.plist */,
			);
			path = AKToastViewExample;
			sourceTree = "<group>";
		};
		892F06231F4C26FB00F37FEB /* AKToastView */ = {
			isa = PBXGroup;
			children = (
				892F06241F4C26FB00F37FEB /* AKToastView.swift */,
				892F06251F4C26FB00F37FEB /* AKToastView.xib */,
			);
			path = AKToastView;
			sourceTree = "<group>";
		};
/* End PBXGroup section */

/* Begin PBXNativeTarget section */
		892F060D1F4C26D800F37FEB /* AKToastViewExample */ = {
			isa = PBXNativeTarget;
			buildConfigurationList = 892F06201F4C26D800F37FEB /* Build configuration list for PBXNativeTarget "AKToastViewExample" */;
			buildPhases = (
				892F060A1F4C26D800F37FEB /* Sources */,
				892F060B1F4C26D800F37FEB /* Frameworks */,
				892F060C1F4C26D800F37FEB /* Resources */,
			);
			buildRules = (
			);
			dependencies = (
			);
			name = AKToastViewExample;
			productName = AKToastViewExample;
			productReference = 892F060E1F4C26D800F37FEB /* AKToastViewExample.app */;
			productType = "com.apple.product-type.application";
		};
/* End PBXNativeTarget section */

/* Begin PBXProject section */
		892F06061F4C26D800F37FEB /* Project object */ = {
			isa = PBXProject;
			attributes = {
				LastSwiftUpdateCheck = 0830;
				LastUpgradeCheck = 0830;
				ORGANIZATIONNAME = ONIX;
				TargetAttributes = {
					892F060D1F4C26D800F37FEB = {
						CreatedOnToolsVersion = 8.3.3;
						DevelopmentTeam = FMPRVL9ZX9;
						ProvisioningStyle = Automatic;
					};
				};
			};
			buildConfigurationList = 892F06091F4C26D800F37FEB /* Build configuration list for PBXProject "AKToastViewExample" */;
			compatibilityVersion = "Xcode 3.2";
			developmentRegion = English;
			hasScannedForEncodings = 0;
			knownRegions = (
				en,
				Base,
			);
			mainGroup = 892F06051F4C26D800F37FEB;
			productRefGroup = 892F060F1F4C26D800F37FEB /* Products */;
			projectDirPath = "";
			projectRoot = "";
			targets = (
				892F060D1F4C26D800F37FEB /* AKToastViewExample */,
			);
		};
/* End PBXProject section */

/* Begin PBXResourcesBuildPhase section */
		892F060C1F4C26D800F37FEB /* Resources */ = {
			isa = PBXResourcesBuildPhase;
			buildActionMask = 2147483647;
			files = (
				892F06271F4C26FB00F37FEB /* AKToastView.xib in Resources */,
				892F061C1F4C26D800F37FEB /* LaunchScreen.storyboard in Resources */,
				892F06191F4C26D800F37FEB /* Assets.xcassets in Resources */,
				892F06171F4C26D800F37FEB /* Main.storyboard in Resources */,
			);
			runOnlyForDeploymentPostprocessing = 0;
		};
/* End PBXResourcesBuildPhase section */

/* Begin PBXSourcesBuildPhase section */
		892F060A1F4C26D800F37FEB /* Sources */ = {
			isa = PBXSourcesBuildPhase;
			buildActionMask = 2147483647;
			files = (
				892F06141F4C26D800F37FEB /* ViewController.swift in Sources */,
				892F06261F4C26FB00F37FEB /* AKToastView.swift in Sources */,
				892F06121F4C26D800F37FEB /* AppDelegate.swift in Sources */,
			);
			runOnlyForDeploymentPostprocessing = 0;
		};
/* End PBXSourcesBuildPhase section */

/* Begin PBXVariantGroup section */
		892F06151F4C26D800F37FEB /* Main.storyboard */ = {
			isa = PBXVariantGroup;
			children = (
				892F06161F4C26D800F37FEB /* Base */,
			);
			name = Main.storyboard;
			sourceTree = "<group>";
		};
		892F061A1F4C26D800F37FEB /* LaunchScreen.storyboard */ = {
			isa = PBXVariantGroup;
			children = (
				892F061B1F4C26D800F37FEB /* Base */,
			);
			name = LaunchScreen.storyboard;
			sourceTree = "<group>";
		};
/* End PBXVariantGroup section */

/* Begin XCBuildConfiguration section */
		892F061E1F4C26D800F37FEB /* Debug */ = {
			isa = XCBuildConfiguration;
			buildSettings = {
				ALWAYS_SEARCH_USER_PATHS = NO;
				CLANG_ANALYZER_NONNULL = YES;
				CLANG_ANALYZER_NUMBER_OBJECT_CONVERSION = YES_AGGRESSIVE;
				CLANG_CXX_LANGUAGE_STANDARD = "gnu++0x";
				CLANG_CXX_LIBRARY = "libc++";
				CLANG_ENABLE_MODULES = YES;
				CLANG_ENABLE_OBJC_ARC = YES;
				CLANG_WARN_BOOL_CONVERSION = YES;
				CLANG_WARN_CONSTANT_CONVERSION = YES;
				CLANG_WARN_DIRECT_OBJC_ISA_USAGE = YES_ERROR;
				CLANG_WARN_DOCUMENTATION_COMMENTS = YES;
				CLANG_WARN_EMPTY_BODY = YES;
				CLANG_WARN_ENUM_CONVERSION = YES;
				CLANG_WARN_INFINITE_RECURSION = YES;
				CLANG_WARN_INT_CONVERSION = YES;
				CLANG_WARN_OBJC_ROOT_CLASS = YES_ERROR;
				CLANG_WARN_SUSPICIOUS_MOVE = YES;
				CLANG_WARN_UNREACHABLE_CODE = YES;
				CLANG_WARN__DUPLICATE_METHOD_MATCH = YES;
				"CODE_SIGN_IDENTITY[sdk=iphoneos*]" = "iPhone Developer";
				COPY_PHASE_STRIP = NO;
				DEBUG_INFORMATION_FORMAT = dwarf;
				ENABLE_STRICT_OBJC_MSGSEND = YES;
				ENABLE_TESTABILITY = YES;
				GCC_C_LANGUAGE_STANDARD = gnu99;
				GCC_DYNAMIC_NO_PIC = NO;
				GCC_NO_COMMON_BLOCKS = YES;
				GCC_OPTIMIZATION_LEVEL = 0;
				GCC_PREPROCESSOR_DEFINITIONS = (
					"DEBUG=1",
					"$(inherited)",
				);
				GCC_WARN_64_TO_32_BIT_CONVERSION = YES;
				GCC_WARN_ABOUT_RETURN_TYPE = YES_ERROR;
				GCC_WARN_UNDECLARED_SELECTOR = YES;
				GCC_WARN_UNINITIALIZED_AUTOS = YES_AGGRESSIVE;
				GCC_WARN_UNUSED_FUNCTION = YES;
				GCC_WARN_UNUSED_VARIABLE = YES;
				IPHONEOS_DEPLOYMENT_TARGET = 10.3;
				MTL_ENABLE_DEBUG_INFO = YES;
				ONLY_ACTIVE_ARCH = YES;
				SDKROOT = iphoneos;
				SWIFT_ACTIVE_COMPILATION_CONDITIONS = DEBUG;
				SWIFT_OPTIMIZATION_LEVEL = "-Onone";
			};
			name = Debug;
		};
		892F061F1F4C26D800F37FEB /* Release */ = {
			isa = XCBuildConfiguration;
			buildSettings = {
				ALWAYS_SEARCH_USER_PATHS = NO;
				CLANG_ANALYZER_NONNULL = YES;
				CLANG_ANALYZER_NUMBER_OBJECT_CONVERSION = YES_AGGRESSIVE;
				CLANG_CXX_LANGUAGE_STANDARD = "gnu++0x";
				CLANG_CXX_LIBRARY = "libc++";
				CLANG_ENABLE_MODULES = YES;
				CLANG_ENABLE_OBJC_ARC = YES;
				CLANG_WARN_BOOL_CONVERSION = YES;
				CLANG_WARN_CONSTANT_CONVERSION = YES;
				CLANG_WARN_DIRECT_OBJC_ISA_USAGE = YES_ERROR;
				CLANG_WARN_DOCUMENTATION_COMMENTS = YES;
				CLANG_WARN_EMPTY_BODY = YES;
				CLANG_WARN_ENUM_CONVERSION = YES;
				CLANG_WARN_INFINITE_RECURSION = YES;
				CLANG_WARN_INT_CONVERSION = YES;
				CLANG_WARN_OBJC_ROOT_CLASS = YES_ERROR;
				CLANG_WARN_SUSPICIOUS_MOVE = YES;
				CLANG_WARN_UNREACHABLE_CODE = YES;
				CLANG_WARN__DUPLICATE_METHOD_MATCH = YES;
				"CODE_SIGN_IDENTITY[sdk=iphoneos*]" = "iPhone Developer";
				COPY_PHASE_STRIP = NO;
				DEBUG_INFORMATION_FORMAT = "dwarf-with-dsym";
				ENABLE_NS_ASSERTIONS = NO;
				ENABLE_STRICT_OBJC_MSGSEND = YES;
				GCC_C_LANGUAGE_STANDARD = gnu99;
				GCC_NO_COMMON_BLOCKS = YES;
				GCC_WARN_64_TO_32_BIT_CONVERSION = YES;
				GCC_WARN_ABOUT_RETURN_TYPE = YES_ERROR;
				GCC_WARN_UNDECLARED_SELECTOR = YES;
				GCC_WARN_UNINITIALIZED_AUTOS = YES_AGGRESSIVE;
				GCC_WARN_UNUSED_FUNCTION = YES;
				GCC_WARN_UNUSED_VARIABLE = YES;
				IPHONEOS_DEPLOYMENT_TARGET = 10.3;
				MTL_ENABLE_DEBUG_INFO = NO;
				SDKROOT = iphoneos;
				SWIFT_OPTIMIZATION_LEVEL = "-Owholemodule";
				VALIDATE_PRODUCT = YES;
			};
			name = Release;
		};
		892F06211F4C26D800F37FEB /* Debug */ = {
			isa = XCBuildConfiguration;
			buildSettings = {
				ASSETCATALOG_COMPILER_APPICON_NAME = AppIcon;
				DEVELOPMENT_TEAM = FMPRVL9ZX9;
				INFOPLIST_FILE = AKToastViewExample/Info.plist;
				LD_RUNPATH_SEARCH_PATHS = "$(inherited) @executable_path/Frameworks";
				PRODUCT_BUNDLE_IDENTIFIER = onix.AKToastViewExample;
				PRODUCT_NAME = "$(TARGET_NAME)";
				SWIFT_VERSION = 3.0;
			};
			name = Debug;
		};
		892F06221F4C26D800F37FEB /* Release */ = {
			isa = XCBuildConfiguration;
			buildSettings = {
				ASSETCATALOG_COMPILER_APPICON_NAME = AppIcon;
				DEVELOPMENT_TEAM = FMPRVL9ZX9;
				INFOPLIST_FILE = AKToastViewExample/Info.plist;
				LD_RUNPATH_SEARCH_PATHS = "$(inherited) @executable_path/Frameworks";
				PRODUCT_BUNDLE_IDENTIFIER = onix.AKToastViewExample;
				PRODUCT_NAME = "$(TARGET_NAME)";
				SWIFT_VERSION = 3.0;
			};
			name = Release;
		};
/* End XCBuildConfiguration section */

/* Begin XCConfigurationList section */
		892F06091F4C26D800F37FEB /* Build configuration list for PBXProject "AKToastViewExample" */ = {
			isa = XCConfigurationList;
			buildConfigurations = (
				892F061E1F4C26D800F37FEB /* Debug */,
				892F061F1F4C26D800F37FEB /* Release */,
			);
			defaultConfigurationIsVisible = 0;
			defaultConfigurationName = Release;
		};
		892F06201F4C26D800F37FEB /* Build configuration list for PBXNativeTarget "AKToastViewExample" */ = {
			isa = XCConfigurationList;
			buildConfigurations = (
				892F06211F4C26D800F37FEB /* Debug */,
				892F06221F4C26D800F37FEB /* Release */,
			);
			defaultConfigurationIsVisible = 0;
		};
/* End XCConfigurationList section */
	};
	rootObject = 892F06061F4C26D800F37FEB /* Project object */;
}
